
Microsoft Visual Studio Solution File, Format Version 12.00
Project("{FAE04EC0-301F-11D3-BF4B-00C04F79EFBC}") = "BingChatApiDemo", "BingChatApiDemo\BingChatApiDemo.csproj", "{6E6494FB-D024-4571-B0DA-05F069680C7C}"
EndProject
Project("{FAE04EC0-301F-11D3-BF4B-00C04F79EFBC}") = "BingChatApiLibs", "BingChatApiLibs\BingChatApiLibs.csproj", "{7E3C8F02-54CB-4E9F-9651-8051090DF86F}"
EndProject
Global
	GlobalSection(SolutionConfigurationPlatforms) = preSolution
		Debug|Any CPU = Debug|Any CPU
		Release|Any CPU = Release|Any CPU
	EndGlobalSection
	GlobalSection(ProjectConfigurationPlatforms) = postSolution
		{6E6494FB-D024-4571-B0DA-05F069680C7C}.Debug|Any CPU.ActiveCfg = Debug|Any CPU
		{6E6494FB-D024-4571-B0DA-05F069680C7C}.Debug|Any CPU.Build.0 = Debug|Any CPU
		{6E6494FB-D024-4571-B0DA-05F069680C7C}.Release|Any CPU.ActiveCfg = Release|Any CPU
		{6E6494FB-D024-4571-B0DA-05F069680C7C}.Release|Any CPU.Build.0 = Release|Any CPU
		{7E3C8F02-54CB-4E9F-9651-8051090DF86F}.Debug|Any CPU.ActiveCfg = Debug|Any CPU
		{7E3C8F02-54CB-4E9F-9651-8051090DF86F}.Debug|Any CPU.Build.0 = Debug|Any CPU
		{7E3C8F02-54CB-4E9F-9651-8051090DF86F}.Release|Any CPU.ActiveCfg = Release|Any CPU
		{7E3C8F02-54CB-4E9F-9651-8051090DF86F}.Release|Any CPU.Build.0 = Release|Any CPU
	EndGlobalSection
EndGlobal
